
Microsoft Visual Studio Solution File, Format Version 12.00
# Visual Studio 15
VisualStudioVersion = 15.0.28010.2026
MinimumVisualStudioVersion = 10.0.40219.1
Project("{9A19103F-16F7-4668-BE54-9A1E7A4F7556}") = "DB.Web", "DB.Web\DB.Web.csproj", "{1FA1E3BC-E54B-4808-88B6-B634032150DF}"
EndProject
Global
	GlobalSection(SolutionConfigurationPlatforms) = preSolution
		Debug|Any CPU = Debug|Any CPU
		Release|Any CPU = Release|Any CPU
	EndGlobalSection
	GlobalSection(ProjectConfigurationPlatforms) = postSolution
		{1FA1E3BC-E54B-4808-88B6-B634032150DF}.Debug|Any CPU.ActiveCfg = Debug|Any CPU
		{1FA1E3BC-E54B-4808-88B6-B634032150DF}.Debug|Any CPU.Build.0 = Debug|Any CPU
		{1FA1E3BC-E54B-4808-88B6-B634032150DF}.Release|Any CPU.ActiveCfg = Release|Any CPU
		{1FA1E3BC-E54B-4808-88B6-B634032150DF}.Release|Any CPU.Build.0 = Release|Any CPU
	EndGlobalSection
	GlobalSection(SolutionProperties) = preSolution
		HideSolutionNode = FALSE
	EndGlobalSection
	GlobalSection(ExtensibilityGlobals) = postSolution
		SolutionGuid = {77587660-54FE-41BC-A7BA-AB745BC026D4}
	EndGlobalSection
EndGlobal
